
Microsoft Visual Studio Solution File, Format Version 12.00
Project("{FAE04EC0-301F-11D3-BF4B-00C04F79EFBC}") = "TCPP-Slobodianiuk-MainProject", "TCPP-Slobodianiuk-MainProject\TCPP-Slobodianiuk-MainProject.csproj", "{37591949-DF3F-49D5-B55C-F90B7965AD5E}"
EndProject
Global
	GlobalSection(SolutionConfigurationPlatforms) = preSolution
		Debug|Any CPU = Debug|Any CPU
		Release|Any CPU = Release|Any CPU
	EndGlobalSection
	GlobalSection(ProjectConfigurationPlatforms) = postSolution
		{37591949-DF3F-49D5-B55C-F90B7965AD5E}.Debug|Any CPU.ActiveCfg = Debug|Any CPU
		{37591949-DF3F-49D5-B55C-F90B7965AD5E}.Debug|Any CPU.Build.0 = Debug|Any CPU
		{37591949-DF3F-49D5-B55C-F90B7965AD5E}.Release|Any CPU.ActiveCfg = Release|Any CPU
		{37591949-DF3F-49D5-B55C-F90B7965AD5E}.Release|Any CPU.Build.0 = Release|Any CPU
	EndGlobalSection
EndGlobal
